{
  "originHash" : "0125427096547de5c4d770712178c89ae6e68229be1f69c5de44c00b48c67934",
  "pins" : [
    {
      "identity" : "aexml",
      "kind" : "remoteSourceControl",
      "location" : "https://github.com/tadija/AEXML.git",
      "state" : {
        "revision" : "db806756c989760b35108146381535aec231092b",
        "version" : "4.7.0"
      }
    },
    {
      "identity" : "filekit",
      "kind" : "remoteSourceControl",
      "location" : "https://github.com/nvzqz/FileKit.git",
      "state" : {
        "revision" : "826d9161b184509f80d85c28cd612d630646de98",
        "version" : "6.0.0"
      }
    },
    {
      "identity" : "swift-argument-parser",
      "kind" : "remoteSourceControl",
      "location" : "https://github.com/apple/swift-argument-parser",
      "state" : {
        "revision" : "011f0c765fb46d9cac61bca19be0527e99c98c8b",
        "version" : "1.5.1"
      }
    },
    {
      "identity" : "xcodeprojkit",
      "kind" : "remoteSourceControl",
      "location" : "https://github.com/phimage/XcodeProjKit.git",
      "state" : {
        "revision" : "7dc8cb8d967fd49c205d2a449e6fa609abd37ef5",
        "version" : "4.0.0"
      }
    }
  ],
  "version" : 3
}
